<?xml version="1.0" encoding="utf-8"?>
<Project ToolsVersion="4.0" xmlns="http://schemas.microsoft.com/developer/msbuild/2003">
  <ItemGroup>
    <Filter Include="Source Files">
      <UniqueIdentifier>{4FC737F1-C7A5-4376-A066-2A32D752A2FF}</UniqueIdentifier>
      <Extensions>cpp;c;cc;cxx;c++;cppm;ixx;def;odl;idl;hpj;bat;asm;asmx</Extensions>
    </Filter>
    <Filter Include="Resource Files">
      <UniqueIdentifier>{67DA6AB6-F800-4c08-8B7A-83BB121AAD01}</UniqueIdentifier>
      <Extensions>rc;ico;cur;bmp;dlg;rc2;rct;bin;rgs;gif;jpg;jpeg;jpe;resx;tiff;tif;png;wav;mfcribbon-ms</Extensions>
    </Filter>
    <Filter Include="Source Files\Core">
      <UniqueIdentifier>{a0def10a-32da-49e2-93e8-558936b33286}</UniqueIdentifier>
    </Filter>
    <Filter Include="Source Files\Components">
      <UniqueIdentifier>{b93c48ed-ad7a-4734-ba59-d143b8a4af95}</UniqueIdentifier>
    </Filter>
    <Filter Include="Source Files\Components\Animation">
      <UniqueIdentifier>{505e4e25-7faf-4cb4-91f1-492d0bb1e12e}</UniqueIdentifier>
    </Filter>
    <Filter Include="Source Files\Components\Controllers">
      <UniqueIdentifier>{16485320-095f-441b-870d-173e1ec113e5}</UniqueIdentifier>
    </Filter>
    <Filter Include="Source Files\Components\Graphics">
      <UniqueIdentifier>{8ff2f8e0-adb1-41da-86cf-2c3d68640173}</UniqueIdentifier>
    </Filter>
    <Filter Include="Source Files\Components\Physics">
      <UniqueIdentifier>{ece6963c-f33c-4cc9-81a5-a5ec416c6c4c}</UniqueIdentifier>
    </Filter>
    <Filter Include="Source Files\Components\Scripts">
      <UniqueIdentifier>{d2d9e744-1eff-47cd-87cb-c99f15dbd1e4}</UniqueIdentifier>
    </Filter>
    <Filter Include="Source Files\Components\UI">
      <UniqueIdentifier>{50d86b91-ffd9-4f08-a0ba-54bc3f27dbd6}</UniqueIdentifier>
    </Filter>
    <Filter Include="Source Files\Graphics">
      <UniqueIdentifier>{90a4fd83-6b49-4d15-8a02-53ce43042263}</UniqueIdentifier>
    </Filter>
    <Filter Include="Source Files\Resources">
      <UniqueIdentifier>{38c0a03f-2e85-4fc5-af56-d40a1ab632ea}</UniqueIdentifier>
    </Filter>
    <Filter Include="Source Files\Utils">
      <UniqueIdentifier>{effc61e6-5f38-4375-9cdb-2785919d36e3}</UniqueIdentifier>
    </Filter>
    <Filter Include="Source Files\IO">
      <UniqueIdentifier>{3039cdb3-d862-4227-aaeb-b83d276ad2d0}</UniqueIdentifier>
    </Filter>
    <Filter Include="Source Files\Character">
      <UniqueIdentifier>{7f5f145b-814e-4188-96cd-9804c6a9066d}</UniqueIdentifier>
    </Filter>
    <Filter Include="Shaders">
      <UniqueIdentifier>{c42eda4d-34c4-440b-bae0-066ad089088d}</UniqueIdentifier>
    </Filter>
    <Filter Include="Data">
      <UniqueIdentifier>{1f78400f-9ce6-4bb8-8cfa-b1089a6e74ea}</UniqueIdentifier>
    </Filter>
  </ItemGroup>
  <ItemGroup>
    <ClInclude Include="Resource.h">
      <Filter>Source Files</Filter>
    </ClInclude>
    <ClInclude Include="targetver.h">
      <Filter>Source Files</Filter>
    </ClInclude>
    <ClInclude Include="pch.h" />
    <ClInclude Include="Presentation\Game\Core\Framework.h">
      <Filter>Source Files\Core</Filter>
    </ClInclude>
    <ClInclude Include="Presentation\Renderer\PipelineStateObject.h">
      <Filter>Source Files\Core</Filter>
    </ClInclude>
    <ClInclude Include="Presentation\Game\Object.h">
      <Filter>Source Files\Core</Filter>
    </ClInclude>
    <ClInclude Include="Presentation\Game\Component\Component.h">
      <Filter>Source Files\Core</Filter>
    </ClInclude>
    <ClInclude Include="Presentation\Game\Component\Components.h">
      <Filter>Source Files\Core</Filter>
    </ClInclude>
    <ClInclude Include="Presentation\Game\Core\Scene.h">
      <Filter>Source Files\Core</Filter>
    </ClInclude>
    <ClInclude Include="Presentation\Game\Core\Client.h">
      <Filter>Source Files\Core</Filter>
    </ClInclude>
    <ClInclude Include="Presentation\Game\Character.h">
      <Filter>Source Files\Character</Filter>
    </ClInclude>
    <ClInclude Include="Presentation\Game\Component\TransformComponent.h">
      <Filter>Source Files\Components</Filter>
    </ClInclude>
    <ClInclude Include="Presentation\Game\Component\InputManagerComponent.h">
      <Filter>Source Files\Components</Filter>
    </ClInclude>
    <ClInclude Include="Presentation\Game\Component\AnimatorComponent.h">
      <Filter>Source Files\Components\Animation</Filter>
    </ClInclude>
    <ClInclude Include="Presentation\Game\Component\SkinnedMeshRendererComponent.h">
      <Filter>Source Files\Components\Animation</Filter>
    </ClInclude>
    <ClInclude Include="Presentation\Game\Component\HumanoidControllerComponent.h">
      <Filter>Source Files\Components\Controllers</Filter>
    </ClInclude>
    <ClInclude Include="Presentation\Game\Component\WeaponControllerComponent.h">
      <Filter>Source Files\Components\Controllers</Filter>
    </ClInclude>
    <ClInclude Include="Presentation\Game\Component\TargetBoardControllerComponent.h">
      <Filter>Source Files\Components\Controllers</Filter>
    </ClInclude>
    <ClInclude Include="Presentation\Game\Component\MeshRendererComponent.h">
      <Filter>Source Files\Components\Graphics</Filter>
    </ClInclude>
    <ClInclude Include="Presentation\Game\Component\CameraComponent.h">
      <Filter>Source Files\Components\Graphics</Filter>
    </ClInclude>
    <ClInclude Include="Presentation\Game\Component\EffectComponent.h">
      <Filter>Source Files\Components\Graphics</Filter>
    </ClInclude>
    <ClInclude Include="Presentation\Game\Component\ParticleComponent.h">
      <Filter>Source Files\Components\Graphics</Filter>
    </ClInclude>
    <ClInclude Include="Presentation\Game\Component\ParticleEmitterComponent.h">
      <Filter>Source Files\Components\Graphics</Filter>
    </ClInclude>
    <ClInclude Include="Presentation\Game\Component\ColliderComponent.h">
      <Filter>Source Files\Components\Physics</Filter>
    </ClInclude>
    <ClInclude Include="Presentation\Game\Component\RigidbodyComponent.h">
      <Filter>Source Files\Components\Physics</Filter>
    </ClInclude>
    <ClInclude Include="Presentation\Game\Component\GameManagerComponent.h">
      <Filter>Source Files\Components\Scripts</Filter>
    </ClInclude>
    <ClInclude Include="Presentation\Game\Component\DoorComponent.h">
      <Filter>Source Files\Components\Scripts</Filter>
    </ClInclude>
    <ClInclude Include="Presentation\Game\Component\EventComponent.h">
      <Filter>Source Files\Components\Scripts</Filter>
    </ClInclude>
    <ClInclude Include="Presentation\Game\Component\EnemyDownCounter.h">
      <Filter>Source Files\Components\Scripts</Filter>
    </ClInclude>
    <ClInclude Include="Presentation\Game\Component\TextRendererComponent.h">
      <Filter>Source Files\Components\UI</Filter>
    </ClInclude>
    <ClInclude Include="Presentation\Game\Component\TextUI.h">
      <Filter>Source Files\Components\UI</Filter>
    </ClInclude>
    <ClInclude Include="Presentation\Renderer\Elements\Camera.h">
      <Filter>Source Files\Graphics</Filter>
    </ClInclude>
    <ClInclude Include="Presentation\Renderer\Elements\Light.h">
      <Filter>Source Files\Graphics</Filter>
    </ClInclude>
    <ClInclude Include="Presentation\Game\Utility\Timer.h">
      <Filter>Source Files\Utils</Filter>
    </ClInclude>
    <ClInclude Include="Presentation\MathHelper.h">
      <Filter>Source Files\Utils</Filter>
    </ClInclude>
    <ClInclude Include="Presentation\ResourceLoader\DDSTextureLoader12.h">
      <Filter>Source Files\IO</Filter>
    </ClInclude>
    <ClInclude Include="Presentation\ResourceLoader\Importer.h">
      <Filter>Source Files\IO</Filter>
    </ClInclude>
    <ClInclude Include="Presentation\Game\Component\IComponent.h">
      <Filter>Source Files\Core</Filter>
    </ClInclude>
    <ClInclude Include="pch.h" />
    <ClInclude Include="Presentation\Game\Input\KeyCode.h" />
    <ClInclude Include="Presentation\Game\Manager\AnimationManager.h" />
    <ClInclude Include="Presentation\Renderer\DirectX\d3dUtil.h" />
    <ClInclude Include="Presentation\Renderer\DirectX\d3dx12.h" />
    <ClInclude Include="Presentation\Renderer\DirectX\DirectXMethods.h" />
    <ClInclude Include="Presentation\Renderer\Elements\Animation.h" />
    <ClInclude Include="Presentation\Renderer\Elements\BoneMask.h" />
    <ClInclude Include="Presentation\Renderer\Elements\Material.h" />
    <ClInclude Include="Presentation\Renderer\Elements\Mesh.h" />
    <ClInclude Include="Presentation\Renderer\Elements\Model.h" />
    <ClInclude Include="Presentation\Renderer\Elements\Texture.h" />
    <ClInclude Include="Presentation\Renderer\Elements\Vertex.h" />
    <ClInclude Include="Presentation\Game\Manager\MaterialManager.h" />
    <ClInclude Include="Presentation\Game\Manager\TextureManager.h" />
    <ClInclude Include="Resources\fontReader\FontReader.h" />
  </ItemGroup>
  <ItemGroup>
    <ClCompile Include="Presentation\Game\Core\Framework.cpp">
      <Filter>Source Files\Core</Filter>
    </ClCompile>
    <ClCompile Include="Presentation\Renderer\PipelineStateObject.cpp">
      <Filter>Source Files\Core</Filter>
    </ClCompile>
    <ClCompile Include="Presentation\Game\Object.cpp">
      <Filter>Source Files\Core</Filter>
    </ClCompile>
    <ClCompile Include="Presentation\Game\Component\Component.cpp">
      <Filter>Source Files\Core</Filter>
    </ClCompile>
    <ClCompile Include="Presentation\Game\Core\Scene.cpp">
      <Filter>Source Files\Core</Filter>
    </ClCompile>
    <ClCompile Include="Presentation\Game\Core\Client.cpp">
      <Filter>Source Files\Core</Filter>
    </ClCompile>
    <ClCompile Include="Presentation\Game\Character.cpp">
      <Filter>Source Files\Character</Filter>
    </ClCompile>
    <ClCompile Include="Presentation\Game\Component\TransformComponent.cpp">
      <Filter>Source Files\Components</Filter>
    </ClCompile>
    <ClCompile Include="Presentation\Game\Component\InputManagerComponent.cpp">
      <Filter>Source Files\Components</Filter>
    </ClCompile>
    <ClCompile Include="Presentation\Game\Component\AnimatorComponent.cpp">
      <Filter>Source Files\Components\Animation</Filter>
    </ClCompile>
    <ClCompile Include="Presentation\Game\Component\SkinnedMeshRendererComponent.cpp">
      <Filter>Source Files\Components\Animation</Filter>
    </ClCompile>
    <ClCompile Include="Presentation\Game\Component\HumanoidControllerComponent.cpp">
      <Filter>Source Files\Components\Controllers</Filter>
    </ClCompile>
    <ClCompile Include="Presentation\Game\Component\WeaponControllerComponent.cpp">
      <Filter>Source Files\Components\Controllers</Filter>
    </ClCompile>
    <ClCompile Include="Presentation\Game\Component\TargetBoardControllerComponent.cpp">
      <Filter>Source Files\Components\Controllers</Filter>
    </ClCompile>
    <ClCompile Include="Presentation\Game\Component\MeshRendererComponent.cpp">
      <Filter>Source Files\Components\Graphics</Filter>
    </ClCompile>
    <ClCompile Include="Presentation\Game\Component\CameraComponent.cpp">
      <Filter>Source Files\Components\Graphics</Filter>
    </ClCompile>
    <ClCompile Include="Presentation\Game\Component\EffectComponent.cpp">
      <Filter>Source Files\Components\Graphics</Filter>
    </ClCompile>
    <ClCompile Include="Presentation\Game\Component\ParticleComponent.cpp">
      <Filter>Source Files\Components\Graphics</Filter>
    </ClCompile>
    <ClCompile Include="Presentation\Game\Component\ParticleEmitterComponent.cpp">
      <Filter>Source Files\Components\Graphics</Filter>
    </ClCompile>
    <ClCompile Include="Presentation\Game\Component\ColliderComponent.cpp">
      <Filter>Source Files\Components\Physics</Filter>
    </ClCompile>
    <ClCompile Include="Presentation\Game\Component\RigidbodyComponent.cpp">
      <Filter>Source Files\Components\Physics</Filter>
    </ClCompile>
    <ClCompile Include="Presentation\Game\Component\GameManagerComponent.cpp">
      <Filter>Source Files\Components\Scripts</Filter>
    </ClCompile>
    <ClCompile Include="Presentation\Game\Component\DoorComponent.cpp">
      <Filter>Source Files\Components\Scripts</Filter>
    </ClCompile>
    <ClCompile Include="Presentation\Game\Component\EventComponent.cpp">
      <Filter>Source Files\Components\Scripts</Filter>
    </ClCompile>
    <ClCompile Include="Presentation\Game\Component\EnemyDownCounter.cpp">
      <Filter>Source Files\Components\Scripts</Filter>
    </ClCompile>
    <ClCompile Include="Presentation\Game\Component\TextRendererComponent.cpp">
      <Filter>Source Files\Components\UI</Filter>
    </ClCompile>
    <ClCompile Include="Presentation\Game\Component\TextUI.cpp">
      <Filter>Source Files\Components\UI</Filter>
    </ClCompile>
    <ClCompile Include="Presentation\Renderer\Elements\Camera.cpp">
      <Filter>Source Files\Graphics</Filter>
    </ClCompile>
    <ClCompile Include="Presentation\Renderer\Elements\Light.cpp">
      <Filter>Source Files\Graphics</Filter>
    </ClCompile>
    <ClCompile Include="Presentation\Game\Utility\Timer.cpp">
      <Filter>Source Files\Utils</Filter>
    </ClCompile>
    <ClCompile Include="Presentation\ResourceLoader\DDSTextureLoader12.cpp">
      <Filter>Source Files\IO</Filter>
    </ClCompile>
    <ClCompile Include="Presentation\ResourceLoader\Importer.cpp">
      <Filter>Source Files\IO</Filter>
    </ClCompile>
    <ClCompile Include="Presentation\Game\Component\IComponent.cpp">
      <Filter>Source Files\Core</Filter>
    </ClCompile>
    <ClCompile Include="Resources\fontReader\FontReader.cpp">
      <Filter>Source Files</Filter>
    </ClCompile>
    <ClCompile Include="pch.cpp">
      <Filter>Source Files</Filter>
    </ClCompile>
    <ClCompile Include="Presentation\Game\Manager\AnimationManager.cpp">
      <Filter>Source Files</Filter>
    </ClCompile>
    <ClCompile Include="Presentation\Renderer\DirectX\d3dUtil.cpp">
      <Filter>Source Files</Filter>
    </ClCompile>
    <ClCompile Include="Presentation\Renderer\DirectX\DirectXMethods.cpp">
      <Filter>Source Files</Filter>
    </ClCompile>
    <ClCompile Include="Presentation\Renderer\Elements\Animation.cpp">
      <Filter>Source Files</Filter>
    </ClCompile>
    <ClCompile Include="Presentation\Renderer\Elements\BoneMask.cpp">
      <Filter>Source Files</Filter>
    </ClCompile>
    <ClCompile Include="Presentation\Renderer\Elements\Material.cpp">
      <Filter>Source Files</Filter>
    </ClCompile>
    <ClCompile Include="Presentation\Renderer\Elements\Mesh.cpp">
      <Filter>Source Files</Filter>
    </ClCompile>
    <ClCompile Include="Presentation\Renderer\Elements\Model.cpp">
      <Filter>Source Files</Filter>
    </ClCompile>
    <ClCompile Include="Presentation\Renderer\Elements\Texture.cpp">
      <Filter>Source Files</Filter>
    </ClCompile>
    <ClCompile Include="Presentation\Renderer\Elements\Vertex.cpp">
      <Filter>Source Files</Filter>
    </ClCompile>
    <ClCompile Include="Presentation\Game\Manager\MaterialManager.cpp">
      <Filter>Source Files</Filter>
    </ClCompile>
    <ClCompile Include="Presentation\Game\Manager\TextureManager.cpp">
      <Filter>Source Files</Filter>
    </ClCompile>
  </ItemGroup>
  <ItemGroup>
    <ResourceCompile Include="WindowsProject1.rc">
      <Filter>Resource Files</Filter>
    </ResourceCompile>
  </ItemGroup>
  <ItemGroup>
    <Image Include="small.ico">
      <Filter>Resource Files</Filter>
    </Image>
    <Image Include="WindowsProject1.ico">
      <Filter>Resource Files</Filter>
    </Image>
  </ItemGroup>
  <ItemGroup>
    <FxCompile Include="Resources\Shaders\ComputeShader.hlsl" />
    <FxCompile Include="Resources\Shaders\GeometryShader.hlsl" />
    <FxCompile Include="Resources\Shaders\PixelShader.hlsl" />
    <FxCompile Include="Resources\Shaders\VertexShader.hlsl" />
  </ItemGroup>
  <ItemGroup>
    <None Include="Resources\Shaders\Header.hlsli" />
    <None Include="Resources\Shaders\Light.hlsli" />
    <None Include="ClassDiagram.cd" />
  </ItemGroup>
</Project>